schema: '2.0'
stages:
  preprocess:
    cmd: python src/preprocess.py
    deps:
    - path: data/raw/demo.txt
      hash: md5
      md5: 8b029c20da4ced8c7c3d614790a10cf8
      size: 12
    - path: src/preprocess.py
      hash: md5
      md5: 2684feadd495624d7decdf3663ee977e
      size: 864
    outs:
    - path: data/processed/processed.txt
      hash: md5
      md5: c2de9309755c3516aa5ea1b95b7244a3
      size: 14
  train:
    cmd: python src/train.py
    deps:
    - path: data/processed/processed.txt
      hash: md5
      md5: c2de9309755c3516aa5ea1b95b7244a3
      size: 14
    - path: src/train.py
      hash: md5
      md5: 9038ee626eb2212442c0615d8b46018b
      size: 469
    outs:
    - path: metrics.txt
      hash: md5
      md5: 3ef3cdd9a3dca9805025c82fad164a39
      size: 17
    - path: models/model.txt
      hash: md5
      md5: 9d6745dfed7015d121c67cbc5230b72d
      size: 38
