schema: '2.0'
stages:
  preprocess:
    cmd: python src/preprocess.py
    deps:
    - path: data/raw/demo.txt
      hash: md5
      md5: 8b029c20da4ced8c7c3d614790a10cf8
      size: 12
    - path: src/preprocess.py
      hash: md5
      md5: 2c9dd0bd95b515286b01b96b3964a761
      size: 861
    outs:
    - path: data/processed/processed.txt
      hash: md5
      md5: c2de9309755c3516aa5ea1b95b7244a3
      size: 14
  train:
    cmd: python src/train.py
    deps:
    - path: data/processed/processed.txt
      hash: md5
      md5: c2de9309755c3516aa5ea1b95b7244a3
      size: 14
    - path: src/train.py
      hash: md5
      md5: 8d46cefc0dfb49c1dad06ef484abedc8
      size: 625
    outs:
    - path: models/model.txt
      hash: md5
      md5: 9d6745dfed7015d121c67cbc5230b72d
      size: 38
