schema: '2.0'
stages:
  preprocess:
    cmd: python src/preprocess.py
    deps:
    - path: data/raw/demo.txt
      hash: md5
      md5: 0c370c2f4534fbcdceeaed96a635279c
      size: 29
    - path: src/preprocess.py
      hash: md5
      md5: 2684feadd495624d7decdf3663ee977e
      size: 864
    outs:
    - path: data/processed/processed.txt
      hash: md5
      md5: f4aac45e383f4db377bc984378dd9cb4
      size: 33
  train:
    cmd: python src/train.py
    deps:
    - path: data/processed/processed.txt
      hash: md5
      md5: f4aac45e383f4db377bc984378dd9cb4
      size: 33
    - path: src/train.py
      hash: md5
      md5: 508bae3a5d773171a6a8847132b12cdd
      size: 471
    outs:
    - path: metrics.txt
      hash: md5
      md5: ac7fc57f3df780de12464588ac2a9a87
      size: 17
    - path: models/model.txt
      hash: md5
      md5: 421f3e5fe6392cb3252573cf92f80a6f
      size: 57
